{
  "name": "compile-run",
  "version": "2.1.3",
  "lockfileVersion": 1,
  "requires": true,
  "dependencies": {
    "@types/node": {
      "version": "10.5.8",
      "resolved": "https://registry.npmjs.org/@types/node/-/node-10.5.8.tgz",
      "integrity": "sha512-sWSjw+bYW/2W+1V3m8tVsm9PKJcxk3NHN7oRqNUfEdofKg0Imbdu1dQbFvLKjZQXEDXRN6IfSMACjJ7Wv4NGCQ==",
      "dev": true
    },
    "typescript": {
      "version": "3.1.5",
      "resolved": "https://registry.npmjs.org/typescript/-/typescript-3.1.5.tgz",
      "integrity": "sha512-muYNWV9j5+3mXoKD6oPONKuGUmYiFX14gfo9lWm9ZXRHOqVDQiB4q1CzFPbF4QLV2E9TZXH6oK55oQ94rn3PpA==",
      "dev": true
    }
  }
}
